
Microsoft Visual Studio Solution File, Format Version 12.00
# Visual Studio 2013
VisualStudioVersion = 12.0.21005.1
MinimumVisualStudioVersion = 10.0.40219.1
Project("{FAE04EC0-301F-11D3-BF4B-00C04F79EFBC}") = "WeTennisService", "WeTennisService\WeTennisService.csproj", "{A89423E4-70CE-4118-B69C-BE21E577AC4B}"
EndProject
Project("{FAE04EC0-301F-11D3-BF4B-00C04F79EFBC}") = "Basic", "Basic\Basic.csproj", "{A46D9BAC-8254-40C1-8D99-AD4A1EC76A8E}"
EndProject
Project("{FAE04EC0-301F-11D3-BF4B-00C04F79EFBC}") = "Bet", "Bet\Bet.csproj", "{DA441F70-AD20-471D-A62B-0DE0EB353411}"
EndProject
Project("{FAE04EC0-301F-11D3-BF4B-00C04F79EFBC}") = "Club", "Club\Club.csproj", "{D9C592FC-AB95-4627-8BD9-6CC4A0AE6377}"
EndProject
Project("{FAE04EC0-301F-11D3-BF4B-00C04F79EFBC}") = "WeTour", "WeTour\WeTour.csproj", "{3477679A-7202-4790-B809-FBC67BC47487}"
EndProject
Project("{FAE04EC0-301F-11D3-BF4B-00C04F79EFBC}") = "Member", "Member\Member.csproj", "{12B3BC3B-DF4D-47EC-ADFA-6224C6653955}"
EndProject
Project("{FAE04EC0-301F-11D3-BF4B-00C04F79EFBC}") = "SMS", "SMS\SMS.csproj", "{88D0079F-A477-40DE-AEA4-9164B23F8CA5}"
EndProject
Project("{FAE04EC0-301F-11D3-BF4B-00C04F79EFBC}") = "Union", "Union\Union.csproj", "{B1A66307-5043-4327-91A7-6486802A3E95}"
EndProject
Project("{FAE04EC0-301F-11D3-BF4B-00C04F79EFBC}") = "News", "News\News.csproj", "{A6A9A46B-E816-422B-8B22-4D00FD3809FA}"
EndProject
Project("{FAE04EC0-301F-11D3-BF4B-00C04F79EFBC}") = "Ranking", "Ranking\Ranking.csproj", "{F884EC11-5654-4FFA-99AF-DC646A961FD5}"
EndProject
Project("{FAE04EC0-301F-11D3-BF4B-00C04F79EFBC}") = "Time", "Time\Time.csproj", "{7A5B63CA-636E-4DAF-BA9D-F943B8FE964E}"
EndProject
Project("{FAE04EC0-301F-11D3-BF4B-00C04F79EFBC}") = "OrderLib", "OrderLib\OrderLib.csproj", "{AF6B43EA-41F6-4D6C-A755-B31C927B9F27}"
EndProject
Project("{FAE04EC0-301F-11D3-BF4B-00C04F79EFBC}") = "WeUmpire", "WeUmpire\WeUmpire.csproj", "{E1F3F828-7178-45D2-8492-C473A282B0EF}"
EndProject
Project("{FAE04EC0-301F-11D3-BF4B-00C04F79EFBC}") = "Equip", "Equip\Equip.csproj", "{53A122C5-4016-422C-BCE2-0A8EB3172F48}"
EndProject
Project("{FAE04EC0-301F-11D3-BF4B-00C04F79EFBC}") = "WeiPay", "WeiPay\WeiPay.csproj", "{8BD73D13-5EFF-45CE-9B9C-355056711FA0}"
EndProject
Project("{FAE04EC0-301F-11D3-BF4B-00C04F79EFBC}") = "WeiPayWeb", "WeiPayWeb\WeiPayWeb.csproj", "{55BC38D4-052E-44DD-AD4C-D0F71CD088E2}"
EndProject
Project("{FAE04EC0-301F-11D3-BF4B-00C04F79EFBC}") = "WeChat", "WeChat\WeChat.csproj", "{CA055EB5-5ED5-4391-A998-866036003823}"
EndProject
Project("{FAE04EC0-301F-11D3-BF4B-00C04F79EFBC}") = "Gym", "Gym\Gym.csproj", "{7B3CA5FE-2290-43AA-9572-04693EE43E0A}"
EndProject
Project("{2150E333-8FDC-42A3-9474-1A3956D46DE8}") = "老项目", "老项目", "{E3AD29EE-CA9C-4F70-B81A-998A056E8E2F}"
EndProject
Global
	GlobalSection(SolutionConfigurationPlatforms) = preSolution
		Debug|Any CPU = Debug|Any CPU
		Release|Any CPU = Release|Any CPU
	EndGlobalSection
	GlobalSection(ProjectConfigurationPlatforms) = postSolution
		{A89423E4-70CE-4118-B69C-BE21E577AC4B}.Debug|Any CPU.ActiveCfg = Debug|Any CPU
		{A89423E4-70CE-4118-B69C-BE21E577AC4B}.Debug|Any CPU.Build.0 = Debug|Any CPU
		{A89423E4-70CE-4118-B69C-BE21E577AC4B}.Release|Any CPU.ActiveCfg = Release|Any CPU
		{A89423E4-70CE-4118-B69C-BE21E577AC4B}.Release|Any CPU.Build.0 = Release|Any CPU
		{A46D9BAC-8254-40C1-8D99-AD4A1EC76A8E}.Debug|Any CPU.ActiveCfg = Debug|Any CPU
		{A46D9BAC-8254-40C1-8D99-AD4A1EC76A8E}.Debug|Any CPU.Build.0 = Debug|Any CPU
		{A46D9BAC-8254-40C1-8D99-AD4A1EC76A8E}.Release|Any CPU.ActiveCfg = Release|Any CPU
		{A46D9BAC-8254-40C1-8D99-AD4A1EC76A8E}.Release|Any CPU.Build.0 = Release|Any CPU
		{DA441F70-AD20-471D-A62B-0DE0EB353411}.Debug|Any CPU.ActiveCfg = Debug|Any CPU
		{DA441F70-AD20-471D-A62B-0DE0EB353411}.Debug|Any CPU.Build.0 = Debug|Any CPU
		{DA441F70-AD20-471D-A62B-0DE0EB353411}.Release|Any CPU.ActiveCfg = Release|Any CPU
		{DA441F70-AD20-471D-A62B-0DE0EB353411}.Release|Any CPU.Build.0 = Release|Any CPU
		{D9C592FC-AB95-4627-8BD9-6CC4A0AE6377}.Debug|Any CPU.ActiveCfg = Debug|Any CPU
		{D9C592FC-AB95-4627-8BD9-6CC4A0AE6377}.Debug|Any CPU.Build.0 = Debug|Any CPU
		{D9C592FC-AB95-4627-8BD9-6CC4A0AE6377}.Release|Any CPU.ActiveCfg = Release|Any CPU
		{D9C592FC-AB95-4627-8BD9-6CC4A0AE6377}.Release|Any CPU.Build.0 = Release|Any CPU
		{3477679A-7202-4790-B809-FBC67BC47487}.Debug|Any CPU.ActiveCfg = Debug|Any CPU
		{3477679A-7202-4790-B809-FBC67BC47487}.Debug|Any CPU.Build.0 = Debug|Any CPU
		{3477679A-7202-4790-B809-FBC67BC47487}.Release|Any CPU.ActiveCfg = Release|Any CPU
		{3477679A-7202-4790-B809-FBC67BC47487}.Release|Any CPU.Build.0 = Release|Any CPU
		{12B3BC3B-DF4D-47EC-ADFA-6224C6653955}.Debug|Any CPU.ActiveCfg = Debug|Any CPU
		{12B3BC3B-DF4D-47EC-ADFA-6224C6653955}.Debug|Any CPU.Build.0 = Debug|Any CPU
		{12B3BC3B-DF4D-47EC-ADFA-6224C6653955}.Release|Any CPU.ActiveCfg = Release|Any CPU
		{12B3BC3B-DF4D-47EC-ADFA-6224C6653955}.Release|Any CPU.Build.0 = Release|Any CPU
		{88D0079F-A477-40DE-AEA4-9164B23F8CA5}.Debug|Any CPU.ActiveCfg = Debug|Any CPU
		{88D0079F-A477-40DE-AEA4-9164B23F8CA5}.Debug|Any CPU.Build.0 = Debug|Any CPU
		{88D0079F-A477-40DE-AEA4-9164B23F8CA5}.Release|Any CPU.ActiveCfg = Release|Any CPU
		{88D0079F-A477-40DE-AEA4-9164B23F8CA5}.Release|Any CPU.Build.0 = Release|Any CPU
		{B1A66307-5043-4327-91A7-6486802A3E95}.Debug|Any CPU.ActiveCfg = Debug|Any CPU
		{B1A66307-5043-4327-91A7-6486802A3E95}.Debug|Any CPU.Build.0 = Debug|Any CPU
		{B1A66307-5043-4327-91A7-6486802A3E95}.Release|Any CPU.ActiveCfg = Release|Any CPU
		{B1A66307-5043-4327-91A7-6486802A3E95}.Release|Any CPU.Build.0 = Release|Any CPU
		{A6A9A46B-E816-422B-8B22-4D00FD3809FA}.Debug|Any CPU.ActiveCfg = Debug|Any CPU
		{A6A9A46B-E816-422B-8B22-4D00FD3809FA}.Debug|Any CPU.Build.0 = Debug|Any CPU
		{A6A9A46B-E816-422B-8B22-4D00FD3809FA}.Release|Any CPU.ActiveCfg = Release|Any CPU
		{A6A9A46B-E816-422B-8B22-4D00FD3809FA}.Release|Any CPU.Build.0 = Release|Any CPU
		{F884EC11-5654-4FFA-99AF-DC646A961FD5}.Debug|Any CPU.ActiveCfg = Debug|Any CPU
		{F884EC11-5654-4FFA-99AF-DC646A961FD5}.Debug|Any CPU.Build.0 = Debug|Any CPU
		{F884EC11-5654-4FFA-99AF-DC646A961FD5}.Release|Any CPU.ActiveCfg = Release|Any CPU
		{F884EC11-5654-4FFA-99AF-DC646A961FD5}.Release|Any CPU.Build.0 = Release|Any CPU
		{7A5B63CA-636E-4DAF-BA9D-F943B8FE964E}.Debug|Any CPU.ActiveCfg = Debug|Any CPU
		{7A5B63CA-636E-4DAF-BA9D-F943B8FE964E}.Debug|Any CPU.Build.0 = Debug|Any CPU
		{7A5B63CA-636E-4DAF-BA9D-F943B8FE964E}.Release|Any CPU.ActiveCfg = Release|Any CPU
		{7A5B63CA-636E-4DAF-BA9D-F943B8FE964E}.Release|Any CPU.Build.0 = Release|Any CPU
		{AF6B43EA-41F6-4D6C-A755-B31C927B9F27}.Debug|Any CPU.ActiveCfg = Debug|Any CPU
		{AF6B43EA-41F6-4D6C-A755-B31C927B9F27}.Debug|Any CPU.Build.0 = Debug|Any CPU
		{AF6B43EA-41F6-4D6C-A755-B31C927B9F27}.Release|Any CPU.ActiveCfg = Release|Any CPU
		{AF6B43EA-41F6-4D6C-A755-B31C927B9F27}.Release|Any CPU.Build.0 = Release|Any CPU
		{E1F3F828-7178-45D2-8492-C473A282B0EF}.Debug|Any CPU.ActiveCfg = Debug|Any CPU
		{E1F3F828-7178-45D2-8492-C473A282B0EF}.Debug|Any CPU.Build.0 = Debug|Any CPU
		{E1F3F828-7178-45D2-8492-C473A282B0EF}.Release|Any CPU.ActiveCfg = Release|Any CPU
		{E1F3F828-7178-45D2-8492-C473A282B0EF}.Release|Any CPU.Build.0 = Release|Any CPU
		{53A122C5-4016-422C-BCE2-0A8EB3172F48}.Debug|Any CPU.ActiveCfg = Debug|Any CPU
		{53A122C5-4016-422C-BCE2-0A8EB3172F48}.Debug|Any CPU.Build.0 = Debug|Any CPU
		{53A122C5-4016-422C-BCE2-0A8EB3172F48}.Release|Any CPU.ActiveCfg = Release|Any CPU
		{53A122C5-4016-422C-BCE2-0A8EB3172F48}.Release|Any CPU.Build.0 = Release|Any CPU
		{8BD73D13-5EFF-45CE-9B9C-355056711FA0}.Debug|Any CPU.ActiveCfg = Debug|Any CPU
		{8BD73D13-5EFF-45CE-9B9C-355056711FA0}.Debug|Any CPU.Build.0 = Debug|Any CPU
		{8BD73D13-5EFF-45CE-9B9C-355056711FA0}.Release|Any CPU.ActiveCfg = Release|Any CPU
		{8BD73D13-5EFF-45CE-9B9C-355056711FA0}.Release|Any CPU.Build.0 = Release|Any CPU
		{55BC38D4-052E-44DD-AD4C-D0F71CD088E2}.Debug|Any CPU.ActiveCfg = Debug|Any CPU
		{55BC38D4-052E-44DD-AD4C-D0F71CD088E2}.Debug|Any CPU.Build.0 = Debug|Any CPU
		{55BC38D4-052E-44DD-AD4C-D0F71CD088E2}.Release|Any CPU.ActiveCfg = Release|Any CPU
		{55BC38D4-052E-44DD-AD4C-D0F71CD088E2}.Release|Any CPU.Build.0 = Release|Any CPU
		{CA055EB5-5ED5-4391-A998-866036003823}.Debug|Any CPU.ActiveCfg = Debug|Any CPU
		{CA055EB5-5ED5-4391-A998-866036003823}.Debug|Any CPU.Build.0 = Debug|Any CPU
		{CA055EB5-5ED5-4391-A998-866036003823}.Release|Any CPU.ActiveCfg = Release|Any CPU
		{CA055EB5-5ED5-4391-A998-866036003823}.Release|Any CPU.Build.0 = Release|Any CPU
		{7B3CA5FE-2290-43AA-9572-04693EE43E0A}.Debug|Any CPU.ActiveCfg = Debug|Any CPU
		{7B3CA5FE-2290-43AA-9572-04693EE43E0A}.Debug|Any CPU.Build.0 = Debug|Any CPU
		{7B3CA5FE-2290-43AA-9572-04693EE43E0A}.Release|Any CPU.ActiveCfg = Release|Any CPU
		{7B3CA5FE-2290-43AA-9572-04693EE43E0A}.Release|Any CPU.Build.0 = Release|Any CPU
	EndGlobalSection
	GlobalSection(SolutionProperties) = preSolution
		HideSolutionNode = FALSE
	EndGlobalSection
EndGlobal
